
Microsoft Visual Studio Solution File, Format Version 12.00
# Visual Studio Version 16
VisualStudioVersion = 16.0.32630.194
MinimumVisualStudioVersion = 10.0.40219.1
Project("{FAE04EC0-301F-11D3-BF4B-00C04F79EFBC}") = "EaseTechChallenge", "EaseTechChallenge.csproj", "{403DCF90-22A6-40B2-807A-46BD31002E3E}"
EndProject
Global
	GlobalSection(SolutionConfigurationPlatforms) = preSolution
		Debug|Any CPU = Debug|Any CPU
		Release|Any CPU = Release|Any CPU
	EndGlobalSection
	GlobalSection(ProjectConfigurationPlatforms) = postSolution
		{403DCF90-22A6-40B2-807A-46BD31002E3E}.Debug|Any CPU.ActiveCfg = Debug|Any CPU
		{403DCF90-22A6-40B2-807A-46BD31002E3E}.Debug|Any CPU.Build.0 = Debug|Any CPU
		{403DCF90-22A6-40B2-807A-46BD31002E3E}.Release|Any CPU.ActiveCfg = Release|Any CPU
		{403DCF90-22A6-40B2-807A-46BD31002E3E}.Release|Any CPU.Build.0 = Release|Any CPU
	EndGlobalSection
	GlobalSection(SolutionProperties) = preSolution
		HideSolutionNode = FALSE
	EndGlobalSection
	GlobalSection(ExtensibilityGlobals) = postSolution
		SolutionGuid = {2189E0E6-643D-47F8-9C0B-4ABDDE9CE205}
	EndGlobalSection
EndGlobal
